Microsoft Visual Studio Solution File, Format Version 12.00
# Visual Studio 14
VisualStudioVersion = 14.0.25420.1
MinimumVisualStudioVersion = 10.0.40219.1
Project("{FAE04EC0-301F-11D3-BF4B-00C04F79EFBC}") = "Org.Chip", "src\Org.Chip\Org.Chip.csproj", "{336E74DF-4F48-4C30-98EA-C7D1AFB274D0}"
EndProject
Project("{FAE04EC0-301F-11D3-BF4B-00C04F79EFBC}") = "Org.Chip.Test", "src\Org.Chip.Test\Org.Chip.Test.csproj", "{19F1DEBC-DE5E-4517-8062-F000CD499087}"
EndProject
Project("{FAE04EC0-301F-11D3-BF4B-00C04F79EFBC}") = "Examples", "Examples\Org.Chip.Examples.csproj", "{04049B0E-5FAA-4678-AE09-A781706EDD00}"
EndProject
Global
	GlobalSection(SolutionConfigurationPlatforms) = preSolution
		Debug|Any CPU = Debug|Any CPU
		Release|Any CPU = Release|Any CPU
	EndGlobalSection
	GlobalSection(ProjectConfigurationPlatforms) = postSolution
		{336E74DF-4F48-4C30-98EA-C7D1AFB274D0}.Debug|Any CPU.ActiveCfg = Debug|Any CPU
		{336E74DF-4F48-4C30-98EA-C7D1AFB274D0}.Debug|Any CPU.Build.0 = Debug|Any CPU
		{336E74DF-4F48-4C30-98EA-C7D1AFB274D0}.Release|Any CPU.ActiveCfg = Release|Any CPU
		{336E74DF-4F48-4C30-98EA-C7D1AFB274D0}.Release|Any CPU.Build.0 = Release|Any CPU
		{19F1DEBC-DE5E-4517-8062-F000CD499087}.Debug|Any CPU.ActiveCfg = Debug|Any CPU
		{19F1DEBC-DE5E-4517-8062-F000CD499087}.Debug|Any CPU.Build.0 = Debug|Any CPU
		{19F1DEBC-DE5E-4517-8062-F000CD499087}.Release|Any CPU.ActiveCfg = Release|Any CPU
		{19F1DEBC-DE5E-4517-8062-F000CD499087}.Release|Any CPU.Build.0 = Release|Any CPU
		{5DFD8752-BD8A-4E74-85D8-CE7634A04899}.Debug|Any CPU.ActiveCfg = Debug|Any CPU
		{5DFD8752-BD8A-4E74-85D8-CE7634A04899}.Debug|Any CPU.Build.0 = Debug|Any CPU
		{5DFD8752-BD8A-4E74-85D8-CE7634A04899}.Release|Any CPU.ActiveCfg = Release|Any CPU
		{5DFD8752-BD8A-4E74-85D8-CE7634A04899}.Release|Any CPU.Build.0 = Release|Any CPU
		{04049B0E-5FAA-4678-AE09-A781706EDD00}.Debug|Any CPU.ActiveCfg = Debug|Any CPU
		{04049B0E-5FAA-4678-AE09-A781706EDD00}.Debug|Any CPU.Build.0 = Debug|Any CPU
		{04049B0E-5FAA-4678-AE09-A781706EDD00}.Release|Any CPU.ActiveCfg = Release|Any CPU
		{04049B0E-5FAA-4678-AE09-A781706EDD00}.Release|Any CPU.Build.0 = Release|Any CPU
	EndGlobalSection
	GlobalSection(SolutionProperties) = preSolution
		HideSolutionNode = FALSE
	EndGlobalSection
EndGlobal
